
Microsoft Visual Studio Solution File, Format Version 12.00
# Visual Studio Version 16
VisualStudioVersion = 16.0.29728.190
MinimumVisualStudioVersion = 10.0.40219.1
Project("{9A19103F-16F7-4668-BE54-9A1E7A4F7556}") = "MF.Api", "MF\MF.Api\MF.Api.csproj", "{CB392951-0909-4D13-81D1-0518220F1180}"
EndProject
Project("{9A19103F-16F7-4668-BE54-9A1E7A4F7556}") = "MF.Domain", "MF\MF.Domain\MF.Domain.csproj", "{B71B5C0B-B849-4CE7-B5C9-A4D433CE143C}"
EndProject
Project("{9A19103F-16F7-4668-BE54-9A1E7A4F7556}") = "MF.Entity", "MF\MF.Entity\MF.Entity.csproj", "{E58FE908-719C-42B3-90AF-3A03F7FBFCC6}"
EndProject
Project("{9A19103F-16F7-4668-BE54-9A1E7A4F7556}") = "IndentityServer", "MF\IndentityServer\IndentityServer.csproj", "{B1D354B7-F297-4BC8-82BC-4462B5650803}"
EndProject
Project("{9A19103F-16F7-4668-BE54-9A1E7A4F7556}") = "Web", "Web\Web.csproj", "{6F0E92F2-99C2-4337-8F08-AFAA85A11772}"
EndProject
Project("{2150E333-8FDC-42A3-9474-1A3956D46DE8}") = "Solution Items", "Solution Items", "{E600B677-D06C-4535-8D0E-F9F63EA92C97}"
	ProjectSection(SolutionItems) = preProject
		configs.txt = configs.txt
	EndProjectSection
EndProject
Global
	GlobalSection(SolutionConfigurationPlatforms) = preSolution
		Debug|Any CPU = Debug|Any CPU
		Release|Any CPU = Release|Any CPU
	EndGlobalSection
	GlobalSection(ProjectConfigurationPlatforms) = postSolution
		{CB392951-0909-4D13-81D1-0518220F1180}.Debug|Any CPU.ActiveCfg = Debug|Any CPU
		{CB392951-0909-4D13-81D1-0518220F1180}.Debug|Any CPU.Build.0 = Debug|Any CPU
		{CB392951-0909-4D13-81D1-0518220F1180}.Release|Any CPU.ActiveCfg = Release|Any CPU
		{CB392951-0909-4D13-81D1-0518220F1180}.Release|Any CPU.Build.0 = Release|Any CPU
		{B71B5C0B-B849-4CE7-B5C9-A4D433CE143C}.Debug|Any CPU.ActiveCfg = Debug|Any CPU
		{B71B5C0B-B849-4CE7-B5C9-A4D433CE143C}.Debug|Any CPU.Build.0 = Debug|Any CPU
		{B71B5C0B-B849-4CE7-B5C9-A4D433CE143C}.Release|Any CPU.ActiveCfg = Release|Any CPU
		{B71B5C0B-B849-4CE7-B5C9-A4D433CE143C}.Release|Any CPU.Build.0 = Release|Any CPU
		{E58FE908-719C-42B3-90AF-3A03F7FBFCC6}.Debug|Any CPU.ActiveCfg = Debug|Any CPU
		{E58FE908-719C-42B3-90AF-3A03F7FBFCC6}.Debug|Any CPU.Build.0 = Debug|Any CPU
		{E58FE908-719C-42B3-90AF-3A03F7FBFCC6}.Release|Any CPU.ActiveCfg = Release|Any CPU
		{E58FE908-719C-42B3-90AF-3A03F7FBFCC6}.Release|Any CPU.Build.0 = Release|Any CPU
		{B1D354B7-F297-4BC8-82BC-4462B5650803}.Debug|Any CPU.ActiveCfg = Debug|Any CPU
		{B1D354B7-F297-4BC8-82BC-4462B5650803}.Debug|Any CPU.Build.0 = Debug|Any CPU
		{B1D354B7-F297-4BC8-82BC-4462B5650803}.Release|Any CPU.ActiveCfg = Release|Any CPU
		{B1D354B7-F297-4BC8-82BC-4462B5650803}.Release|Any CPU.Build.0 = Release|Any CPU
		{6F0E92F2-99C2-4337-8F08-AFAA85A11772}.Debug|Any CPU.ActiveCfg = Debug|Any CPU
		{6F0E92F2-99C2-4337-8F08-AFAA85A11772}.Debug|Any CPU.Build.0 = Debug|Any CPU
		{6F0E92F2-99C2-4337-8F08-AFAA85A11772}.Release|Any CPU.ActiveCfg = Release|Any CPU
		{6F0E92F2-99C2-4337-8F08-AFAA85A11772}.Release|Any CPU.Build.0 = Release|Any CPU
	EndGlobalSection
	GlobalSection(SolutionProperties) = preSolution
		HideSolutionNode = FALSE
	EndGlobalSection
	GlobalSection(ExtensibilityGlobals) = postSolution
		SolutionGuid = {4296250B-46AE-4BE6-8723-4439785EEC08}
	EndGlobalSection
EndGlobal
